
Microsoft Visual Studio Solution File, Format Version 12.00
# Visual Studio 15
VisualStudioVersion = 15.0.26730.12
MinimumVisualStudioVersion = 10.0.40219.1
Project("{8BC9CEB8-8B4A-11D0-8D11-00A0C91BC942}") = "NewTag", "NewTag\NewTag.vcxproj", "{576B9443-9730-4ABE-A9BB-C8F1FF2797EE}"
EndProject
Global
	GlobalSection(SolutionConfigurationPlatforms) = preSolution
		Debug|x64 = Debug|x64
		Debug|x86 = Debug|x86
		Release|x64 = Release|x64
		Release|x86 = Release|x86
	EndGlobalSection
	GlobalSection(ProjectConfigurationPlatforms) = postSolution
		{576B9443-9730-4ABE-A9BB-C8F1FF2797EE}.Debug|x64.ActiveCfg = Debug|x64
		{576B9443-9730-4ABE-A9BB-C8F1FF2797EE}.Debug|x64.Build.0 = Debug|x64
		{576B9443-9730-4ABE-A9BB-C8F1FF2797EE}.Debug|x86.ActiveCfg = Debug|Win32
		{576B9443-9730-4ABE-A9BB-C8F1FF2797EE}.Debug|x86.Build.0 = Debug|Win32
		{576B9443-9730-4ABE-A9BB-C8F1FF2797EE}.Release|x64.ActiveCfg = Release|x64
		{576B9443-9730-4ABE-A9BB-C8F1FF2797EE}.Release|x64.Build.0 = Release|x64
		{576B9443-9730-4ABE-A9BB-C8F1FF2797EE}.Release|x86.ActiveCfg = Release|Win32
		{576B9443-9730-4ABE-A9BB-C8F1FF2797EE}.Release|x86.Build.0 = Release|Win32
	EndGlobalSection
	GlobalSection(SolutionProperties) = preSolution
		HideSolutionNode = FALSE
	EndGlobalSection
	GlobalSection(ExtensibilityGlobals) = postSolution
		SolutionGuid = {D67C8FC6-6D4D-4C35-A31F-AF04715F7BC0}
	EndGlobalSection
EndGlobal
